// !$*UTF8*$!
{
	archiveVersion = 1;
	classes = {
	};
	objectVersion = 50;
	objects = {

/* Begin PBXBuildFile section */
		DCC653FE24088018002C0862 /* AppDelegate.swift in Sources */ = {isa = PBXBuildFile; fileRef = DCC653FD24088018002C0862 /* AppDelegate.swift */; };
		DCC6540024088018002C0862 /* SceneDelegate.swift in Sources */ = {isa = PBXBuildFile; fileRef = DCC653FF24088018002C0862 /* SceneDelegate.swift */; };
		DCC6540224088018002C0862 /* DataEntryViewController.swift in Sources */ = {isa = PBXBuildFile; fileRef = DCC6540124088018002C0862 /* DataEntryViewController.swift */; };
		DCC6540524088018002C0862 /* Main.storyboard in Resources */ = {isa = PBXBuildFile; fileRef = DCC6540324088018002C0862 /* Main.storyboard */; };
		DCC6540724088019002C0862 /* Assets.xcassets in Resources */ = {isa = PBXBuildFile; fileRef = DCC6540624088019002C0862 /* Assets.xcassets */; };
		DCC6540A24088019002C0862 /* LaunchScreen.storyboard in Resources */ = {isa = PBXBuildFile; fileRef = DCC6540824088019002C0862 /* LaunchScreen.storyboard */; };
		DCC65412240880F7002C0862 /* MiniRemindersDataModel.swift in Sources */ = {isa = PBXBuildFile; fileRef = DCC65411240880F7002C0862 /* MiniRemindersDataModel.swift */; };
		DCC6541424088975002C0862 /* MiniRemindersTableViewController.swift in Sources */ = {isa = PBXBuildFile; fileRef = DCC6541324088975002C0862 /* MiniRemindersTableViewController.swift */; };
		DCC6541624088BDC002C0862 /* MiniRemindersTableViewCell.swift in Sources */ = {isa = PBXBuildFile; fileRef = DCC6541524088BDC002C0862 /* MiniRemindersTableViewCell.swift */; };
/* End PBXBuildFile section */

/* Begin PBXFileReference section */
		DCC653FA24088018002C0862 /* MiniReminders.app */ = {isa = PBXFileReference; explicitFileType = wrapper.application; includeInIndex = 0; path = MiniReminders.app; sourceTree = BUILT_PRODUCTS_DIR; };
		DCC653FD24088018002C0862 /* AppDelegate.swift */ = {isa = PBXFileReference; lastKnownFileType = sourcecode.swift; path = AppDelegate.swift; sourceTree = "<group>"; };
		DCC653FF24088018002C0862 /* SceneDelegate.swift */ = {isa = PBXFileReference; lastKnownFileType = sourcecode.swift; path = SceneDelegate.swift; sourceTree = "<group>"; };
		DCC6540124088018002C0862 /* DataEntryViewController.swift */ = {isa = PBXFileReference; lastKnownFileType = sourcecode.swift; path = DataEntryViewController.swift; sourceTree = "<group>"; };
		DCC6540424088018002C0862 /* Base */ = {isa = PBXFileReference; lastKnownFileType = file.storyboard; name = Base; path = Base.lproj/Main.storyboard; sourceTree = "<group>"; };
		DCC6540624088019002C0862 /* Assets.xcassets */ = {isa = PBXFileReference; lastKnownFileType = folder.assetcatalog; path = Assets.xcassets; sourceTree = "<group>"; };
		DCC6540924088019002C0862 /* Base */ = {isa = PBXFileReference; lastKnownFileType = file.storyboard; name = Base; path = Base.lproj/LaunchScreen.storyboard; sourceTree = "<group>"; };
		DCC6540B24088019002C0862 /* Info.plist */ = {isa = PBXFileReference; lastKnownFileType = text.plist.xml; path = Info.plist; sourceTree = "<group>"; };
		DCC65411240880F7002C0862 /* MiniRemindersDataModel.swift */ = {isa = PBXFileReference; lastKnownFileType = sourcecode.swift; path = MiniRemindersDataModel.swift; sourceTree = "<group>"; };
		DCC6541324088975002C0862 /* MiniRemindersTableViewController.swift */ = {isa = PBXFileReference; lastKnownFileType = sourcecode.swift; path = MiniRemindersTableViewController.swift; sourceTree = "<group>"; };
		DCC6541524088BDC002C0862 /* MiniRemindersTableViewCell.swift */ = {isa = PBXFileReference; lastKnownFileType = sourcecode.swift; path = MiniRemindersTableViewCell.swift; sourceTree = "<group>"; };
/* End PBXFileReference section */

/* Begin PBXFrameworksBuildPhase section */
		DCC653F724088018002C0862 /* Frameworks */ = {
			isa = PBXFrameworksBuildPhase;
			buildActionMask = 2147483647;
			files = (
			);
			runOnlyForDeploymentPostprocessing = 0;
		};
/* End PBXFrameworksBuildPhase section */

/* Begin PBXGroup section */
		DCC653F124088018002C0862 = {
			isa = PBXGroup;
			children = (
				DCC653FC24088018002C0862 /* MiniReminders */,
				DCC653FB24088018002C0862 /* Products */,
			);
			sourceTree = "<group>";
		};
		DCC653FB24088018002C0862 /* Products */ = {
			isa = PBXGroup;
			children = (
				DCC653FA24088018002C0862 /* MiniReminders.app */,
			);
			name = Products;
			sourceTree = "<group>";
		};
		DCC653FC24088018002C0862 /* MiniReminders */ = {
			isa = PBXGroup;
			children = (
				DCC65411240880F7002C0862 /* MiniRemindersDataModel.swift */,
				DCC653FD24088018002C0862 /* AppDelegate.swift */,
				DCC653FF24088018002C0862 /* SceneDelegate.swift */,
				DCC6540124088018002C0862 /* DataEntryViewController.swift */,
				DCC6541324088975002C0862 /* MiniRemindersTableViewController.swift */,
				DCC6540324088018002C0862 /* Main.storyboard */,
				DCC6541524088BDC002C0862 /* MiniRemindersTableViewCell.swift */,
				DCC6540624088019002C0862 /* Assets.xcassets */,
				DCC6540824088019002C0862 /* LaunchScreen.storyboard */,
				DCC6540B24088019002C0862 /* Info.plist */,
			);
			path = MiniReminders;
			sourceTree = "<group>";
		};
/* End PBXGroup section */

/* Begin PBXNativeTarget section */
		DCC653F924088018002C0862 /* MiniReminders */ = {
			isa = PBXNativeTarget;
			buildConfigurationList = DCC6540E24088019002C0862 /* Build configuration list for PBXNativeTarget "MiniReminders" */;
			buildPhases = (
				DCC653F624088018002C0862 /* Sources */,
				DCC653F724088018002C0862 /* Frameworks */,
				DCC653F824088018002C0862 /* Resources */,
			);
			buildRules = (
			);
			dependencies = (
			);
			name = MiniReminders;
			productName = MiniReminders;
			productReference = DCC653FA24088018002C0862 /* MiniReminders.app */;
			productType = "com.apple.product-type.application";
		};
/* End PBXNativeTarget section */

/* Begin PBXProject section */
		DCC653F224088018002C0862 /* Project object */ = {
			isa = PBXProject;
			attributes = {
				LastSwiftUpdateCheck = 1130;
				LastUpgradeCheck = 1130;
				ORGANIZATIONNAME = "C323 / mjbouvet";
				TargetAttributes = {
					DCC653F924088018002C0862 = {
						CreatedOnToolsVersion = 11.3.1;
					};
				};
			};
			buildConfigurationList = DCC653F524088018002C0862 /* Build configuration list for PBXProject "MiniReminders" */;
			compatibilityVersion = "Xcode 9.3";
			developmentRegion = en;
			hasScannedForEncodings = 0;
			knownRegions = (
				en,
				Base,
			);
			mainGroup = DCC653F124088018002C0862;
			productRefGroup = DCC653FB24088018002C0862 /* Products */;
			projectDirPath = "";
			projectRoot = "";
			targets = (
				DCC653F924088018002C0862 /* MiniReminders */,
			);
		};
/* End PBXProject section */

/* Begin PBXResourcesBuildPhase section */
		DCC653F824088018002C0862 /* Resources */ = {
			isa = PBXResourcesBuildPhase;
			buildActionMask = 2147483647;
			files = (
				DCC6540A24088019002C0862 /* LaunchScreen.storyboard in Resources */,
				DCC6540724088019002C0862 /* Assets.xcassets in Resources */,
				DCC6540524088018002C0862 /* Main.storyboard in Resources */,
			);
			runOnlyForDeploymentPostprocessing = 0;
		};
/* End PBXResourcesBuildPhase section */

/* Begin PBXSourcesBuildPhase section */
		DCC653F624088018002C0862 /* Sources */ = {
			isa = PBXSourcesBuildPhase;
			buildActionMask = 2147483647;
			files = (
				DCC65412240880F7002C0862 /* MiniRemindersDataModel.swift in Sources */,
				DCC6540224088018002C0862 /* DataEntryViewController.swift in Sources */,
				DCC6541624088BDC002C0862 /* MiniRemindersTableViewCell.swift in Sources */,
				DCC653FE24088018002C0862 /* AppDelegate.swift in Sources */,
				DCC6540024088018002C0862 /* SceneDelegate.swift in Sources */,
				DCC6541424088975002C0862 /* MiniRemindersTableViewController.swift in Sources */,
			);
			runOnlyForDeploymentPostprocessing = 0;
		};
/* End PBXSourcesBuildPhase section */

/* Begin PBXVariantGroup section */
		DCC6540324088018002C0862 /* Main.storyboard */ = {
			isa = PBXVariantGroup;
			children = (
				DCC6540424088018002C0862 /* Base */,
			);
			name = Main.storyboard;
			sourceTree = "<group>";
		};
		DCC6540824088019002C0862 /* LaunchScreen.storyboard */ = {
			isa = PBXVariantGroup;
			children = (
				DCC6540924088019002C0862 /* Base */,
			);
			name = LaunchScreen.storyboard;
			sourceTree = "<group>";
		};
/* End PBXVariantGroup section */

/* Begin XCBuildConfiguration section */
		DCC6540C24088019002C0862 /* Debug */ = {
			isa = XCBuildConfiguration;
			buildSettings = {
				ALWAYS_SEARCH_USER_PATHS = NO;
				CLANG_ANALYZER_NONNULL = YES;
				CLANG_ANALYZER_NUMBER_OBJECT_CONVERSION = YES_AGGRESSIVE;
				CLANG_CXX_LANGUAGE_STANDARD = "gnu++14";
				CLANG_CXX_LIBRARY = "libc++";
				CLANG_ENABLE_MODULES = YES;
				CLANG_ENABLE_OBJC_ARC = YES;
				CLANG_ENABLE_OBJC_WEAK = YES;
				CLANG_WARN_BLOCK_CAPTURE_AUTORELEASING = YES;
				CLANG_WARN_BOOL_CONVERSION = YES;
				CLANG_WARN_COMMA = YES;
				CLANG_WARN_CONSTANT_CONVERSION = YES;
				CLANG_WARN_DEPRECATED_OBJC_IMPLEMENTATIONS = YES;
				CLANG_WARN_DIRECT_OBJC_ISA_USAGE = YES_ERROR;
				CLANG_WARN_DOCUMENTATION_COMMENTS = YES;
				CLANG_WARN_EMPTY_BODY = YES;
				CLANG_WARN_ENUM_CONVERSION = YES;
				CLANG_WARN_INFINITE_RECURSION = YES;
				CLANG_WARN_INT_CONVERSION = YES;
				CLANG_WARN_NON_LITERAL_NULL_CONVERSION = YES;
				CLANG_WARN_OBJC_IMPLICIT_RETAIN_SELF = YES;
				CLANG_WARN_OBJC_LITERAL_CONVERSION = YES;
				CLANG_WARN_OBJC_ROOT_CLASS = YES_ERROR;
				CLANG_WARN_RANGE_LOOP_ANALYSIS = YES;
				CLANG_WARN_STRICT_PROTOTYPES = YES;
				CLANG_WARN_SUSPICIOUS_MOVE = YES;
				CLANG_WARN_UNGUARDED_AVAILABILITY = YES_AGGRESSIVE;
				CLANG_WARN_UNREACHABLE_CODE = YES;
				CLANG_WARN__DUPLICATE_METHOD_MATCH = YES;
				COPY_PHASE_STRIP = NO;
				DEBUG_INFORMATION_FORMAT = dwarf;
				ENABLE_STRICT_OBJC_MSGSEND = YES;
				ENABLE_TESTABILITY = YES;
				GCC_C_LANGUAGE_STANDARD = gnu11;
				GCC_DYNAMIC_NO_PIC = NO;
				GCC_NO_COMMON_BLOCKS = YES;
				GCC_OPTIMIZATION_LEVEL = 0;
				GCC_PREPROCESSOR_DEFINITIONS = (
					"DEBUG=1",
					"$(inherited)",
				);
				GCC_WARN_64_TO_32_BIT_CONVERSION = YES;
				GCC_WARN_ABOUT_RETURN_TYPE = YES_ERROR;
				GCC_WARN_UNDECLARED_SELECTOR = YES;
				GCC_WARN_UNINITIALIZED_AUTOS = YES_AGGRESSIVE;
				GCC_WARN_UNUSED_FUNCTION = YES;
				GCC_WARN_UNUSED_VARIABLE = YES;
				IPHONEOS_DEPLOYMENT_TARGET = 13.2;
				MTL_ENABLE_DEBUG_INFO = INCLUDE_SOURCE;
				MTL_FAST_MATH = YES;
				ONLY_ACTIVE_ARCH = YES;
				SDKROOT = iphoneos;
				SWIFT_ACTIVE_COMPILATION_CONDITIONS = DEBUG;
				SWIFT_OPTIMIZATION_LEVEL = "-Onone";
			};
			name = Debug;
		};
		DCC6540D24088019002C0862 /* Release */ = {
			isa = XCBuildConfiguration;
			buildSettings = {
				ALWAYS_SEARCH_USER_PATHS = NO;
				CLANG_ANALYZER_NONNULL = YES;
				CLANG_ANALYZER_NUMBER_OBJECT_CONVERSION = YES_AGGRESSIVE;
				CLANG_CXX_LANGUAGE_STANDARD = "gnu++14";
				CLANG_CXX_LIBRARY = "libc++";
				CLANG_ENABLE_MODULES = YES;
				CLANG_ENABLE_OBJC_ARC = YES;
				CLANG_ENABLE_OBJC_WEAK = YES;
				CLANG_WARN_BLOCK_CAPTURE_AUTORELEASING = YES;
				CLANG_WARN_BOOL_CONVERSION = YES;
				CLANG_WARN_COMMA = YES;
				CLANG_WARN_CONSTANT_CONVERSION = YES;
				CLANG_WARN_DEPRECATED_OBJC_IMPLEMENTATIONS = YES;
				CLANG_WARN_DIRECT_OBJC_ISA_USAGE = YES_ERROR;
				CLANG_WARN_DOCUMENTATION_COMMENTS = YES;
				CLANG_WARN_EMPTY_BODY = YES;
				CLANG_WARN_ENUM_CONVERSION = YES;
				CLANG_WARN_INFINITE_RECURSION = YES;
				CLANG_WARN_INT_CONVERSION = YES;
				CLANG_WARN_NON_LITERAL_NULL_CONVERSION = YES;
				CLANG_WARN_OBJC_IMPLICIT_RETAIN_SELF = YES;
				CLANG_WARN_OBJC_LITERAL_CONVERSION = YES;
				CLANG_WARN_OBJC_ROOT_CLASS = YES_ERROR;
				CLANG_WARN_RANGE_LOOP_ANALYSIS = YES;
				CLANG_WARN_STRICT_PROTOTYPES = YES;
				CLANG_WARN_SUSPICIOUS_MOVE = YES;
				CLANG_WARN_UNGUARDED_AVAILABILITY = YES_AGGRESSIVE;
				CLANG_WARN_UNREACHABLE_CODE = YES;
				CLANG_WARN__DUPLICATE_METHOD_MATCH = YES;
				COPY_PHASE_STRIP = NO;
				DEBUG_INFORMATION_FORMAT = "dwarf-with-dsym";
				ENABLE_NS_ASSERTIONS = NO;
				ENABLE_STRICT_OBJC_MSGSEND = YES;
				GCC_C_LANGUAGE_STANDARD = gnu11;
				GCC_NO_COMMON_BLOCKS = YES;
				GCC_WARN_64_TO_32_BIT_CONVERSION = YES;
				GCC_WARN_ABOUT_RETURN_TYPE = YES_ERROR;
				GCC_WARN_UNDECLARED_SELECTOR = YES;
				GCC_WARN_UNINITIALIZED_AUTOS = YES_AGGRESSIVE;
				GCC_WARN_UNUSED_FUNCTION = YES;
				GCC_WARN_UNUSED_VARIABLE = YES;
				IPHONEOS_DEPLOYMENT_TARGET = 13.2;
				MTL_ENABLE_DEBUG_INFO = NO;
				MTL_FAST_MATH = YES;
				SDKROOT = iphoneos;
				SWIFT_COMPILATION_MODE = wholemodule;
				SWIFT_OPTIMIZATION_LEVEL = "-O";
				VALIDATE_PRODUCT = YES;
			};
			name = Release;
		};
		DCC6540F24088019002C0862 /* Debug */ = {
			isa = XCBuildConfiguration;
			buildSettings = {
				ASSETCATALOG_COMPILER_APPICON_NAME = AppIcon;
				CODE_SIGN_STYLE = Automatic;
				INFOPLIST_FILE = MiniReminders/Info.plist;
				LD_RUNPATH_SEARCH_PATHS = (
					"$(inherited)",
					"@executable_path/Frameworks",
				);
				PRODUCT_BUNDLE_IDENTIFIER = C323mjbouvet.MiniReminders;
				PRODUCT_NAME = "$(TARGET_NAME)";
				SWIFT_VERSION = 5.0;
				TARGETED_DEVICE_FAMILY = "1,2";
			};
			name = Debug;
		};
		DCC6541024088019002C0862 /* Release */ = {
			isa = XCBuildConfiguration;
			buildSettings = {
				ASSETCATALOG_COMPILER_APPICON_NAME = AppIcon;
				CODE_SIGN_STYLE = Automatic;
				INFOPLIST_FILE = MiniReminders/Info.plist;
				LD_RUNPATH_SEARCH_PATHS = (
					"$(inherited)",
					"@executable_path/Frameworks",
				);
				PRODUCT_BUNDLE_IDENTIFIER = C323mjbouvet.MiniReminders;
				PRODUCT_NAME = "$(TARGET_NAME)";
				SWIFT_VERSION = 5.0;
				TARGETED_DEVICE_FAMILY = "1,2";
			};
			name = Release;
		};
/* End XCBuildConfiguration section */

/* Begin XCConfigurationList section */
		DCC653F524088018002C0862 /* Build configuration list for PBXProject "MiniReminders" */ = {
			isa = XCConfigurationList;
			buildConfigurations = (
				DCC6540C24088019002C0862 /* Debug */,
				DCC6540D24088019002C0862 /* Release */,
			);
			defaultConfigurationIsVisible = 0;
			defaultConfigurationName = Release;
		};
		DCC6540E24088019002C0862 /* Build configuration list for PBXNativeTarget "MiniReminders" */ = {
			isa = XCConfigurationList;
			buildConfigurations = (
				DCC6540F24088019002C0862 /* Debug */,
				DCC6541024088019002C0862 /* Release */,
			);
			defaultConfigurationIsVisible = 0;
			defaultConfigurationName = Release;
		};
/* End XCConfigurationList section */
	};
	rootObject = DCC653F224088018002C0862 /* Project object */;
}
