// !$*UTF8*$!
{
	archiveVersion = 1;
	classes = {
	};
	objectVersion = 50;
	objects = {

/* Begin PBXBuildFile section */
		DC6C5D7923DA00D8000AFBF1 /* AppDelegate.swift in Sources */ = {isa = PBXBuildFile; fileRef = DC6C5D7823DA00D8000AFBF1 /* AppDelegate.swift */; };
		DC6C5D7B23DA00D8000AFBF1 /* SceneDelegate.swift in Sources */ = {isa = PBXBuildFile; fileRef = DC6C5D7A23DA00D8000AFBF1 /* SceneDelegate.swift */; };
		DC6C5D7D23DA00D8000AFBF1 /* ViewController.swift in Sources */ = {isa = PBXBuildFile; fileRef = DC6C5D7C23DA00D8000AFBF1 /* ViewController.swift */; };
		DC6C5D8023DA00D8000AFBF1 /* Main.storyboard in Resources */ = {isa = PBXBuildFile; fileRef = DC6C5D7E23DA00D8000AFBF1 /* Main.storyboard */; };
		DC6C5D8223DA00D9000AFBF1 /* Assets.xcassets in Resources */ = {isa = PBXBuildFile; fileRef = DC6C5D8123DA00D9000AFBF1 /* Assets.xcassets */; };
		DC6C5D8523DA00D9000AFBF1 /* LaunchScreen.storyboard in Resources */ = {isa = PBXBuildFile; fileRef = DC6C5D8323DA00D9000AFBF1 /* LaunchScreen.storyboard */; };
		DCDC7A4C23E3ABF500AD61C4 /* FlashCardModel.swift in Sources */ = {isa = PBXBuildFile; fileRef = DCDC7A4B23E3ABF500AD61C4 /* FlashCardModel.swift */; };
/* End PBXBuildFile section */

/* Begin PBXFileReference section */
		DC6C5D7523DA00D8000AFBF1 /* FlashCardsWithModel.app */ = {isa = PBXFileReference; explicitFileType = wrapper.application; includeInIndex = 0; path = FlashCardsWithModel.app; sourceTree = BUILT_PRODUCTS_DIR; };
		DC6C5D7823DA00D8000AFBF1 /* AppDelegate.swift */ = {isa = PBXFileReference; lastKnownFileType = sourcecode.swift; path = AppDelegate.swift; sourceTree = "<group>"; };
		DC6C5D7A23DA00D8000AFBF1 /* SceneDelegate.swift */ = {isa = PBXFileReference; lastKnownFileType = sourcecode.swift; path = SceneDelegate.swift; sourceTree = "<group>"; };
		DC6C5D7C23DA00D8000AFBF1 /* ViewController.swift */ = {isa = PBXFileReference; lastKnownFileType = sourcecode.swift; path = ViewController.swift; sourceTree = "<group>"; };
		DC6C5D7F23DA00D8000AFBF1 /* Base */ = {isa = PBXFileReference; lastKnownFileType = file.storyboard; name = Base; path = Base.lproj/Main.storyboard; sourceTree = "<group>"; };
		DC6C5D8123DA00D9000AFBF1 /* Assets.xcassets */ = {isa = PBXFileReference; lastKnownFileType = folder.assetcatalog; path = Assets.xcassets; sourceTree = "<group>"; };
		DC6C5D8423DA00D9000AFBF1 /* Base */ = {isa = PBXFileReference; lastKnownFileType = file.storyboard; name = Base; path = Base.lproj/LaunchScreen.storyboard; sourceTree = "<group>"; };
		DC6C5D8623DA00D9000AFBF1 /* Info.plist */ = {isa = PBXFileReference; lastKnownFileType = text.plist.xml; path = Info.plist; sourceTree = "<group>"; };
		DCDC7A4B23E3ABF500AD61C4 /* FlashCardModel.swift */ = {isa = PBXFileReference; lastKnownFileType = sourcecode.swift; path = FlashCardModel.swift; sourceTree = "<group>"; };
/* End PBXFileReference section */

/* Begin PBXFrameworksBuildPhase section */
		DC6C5D7223DA00D8000AFBF1 /* Frameworks */ = {
			isa = PBXFrameworksBuildPhase;
			buildActionMask = 2147483647;
			files = (
			);
			runOnlyForDeploymentPostprocessing = 0;
		};
/* End PBXFrameworksBuildPhase section */

/* Begin PBXGroup section */
		DC6C5D6C23DA00D8000AFBF1 = {
			isa = PBXGroup;
			children = (
				DC6C5D7723DA00D8000AFBF1 /* FlashCards */,
				DC6C5D7623DA00D8000AFBF1 /* Products */,
			);
			sourceTree = "<group>";
		};
		DC6C5D7623DA00D8000AFBF1 /* Products */ = {
			isa = PBXGroup;
			children = (
				DC6C5D7523DA00D8000AFBF1 /* FlashCardsWithModel.app */,
			);
			name = Products;
			sourceTree = "<group>";
		};
		DC6C5D7723DA00D8000AFBF1 /* FlashCards */ = {
			isa = PBXGroup;
			children = (
				DC6C5D7823DA00D8000AFBF1 /* AppDelegate.swift */,
				DC6C5D7A23DA00D8000AFBF1 /* SceneDelegate.swift */,
				DC6C5D7C23DA00D8000AFBF1 /* ViewController.swift */,
				DC6C5D7E23DA00D8000AFBF1 /* Main.storyboard */,
				DC6C5D8123DA00D9000AFBF1 /* Assets.xcassets */,
				DC6C5D8323DA00D9000AFBF1 /* LaunchScreen.storyboard */,
				DC6C5D8623DA00D9000AFBF1 /* Info.plist */,
				DCDC7A4B23E3ABF500AD61C4 /* FlashCardModel.swift */,
			);
			path = FlashCards;
			sourceTree = "<group>";
		};
/* End PBXGroup section */

/* Begin PBXNativeTarget section */
		DC6C5D7423DA00D8000AFBF1 /* FlashCardsWithModel */ = {
			isa = PBXNativeTarget;
			buildConfigurationList = DC6C5D8923DA00D9000AFBF1 /* Build configuration list for PBXNativeTarget "FlashCardsWithModel" */;
			buildPhases = (
				DC6C5D7123DA00D8000AFBF1 /* Sources */,
				DC6C5D7223DA00D8000AFBF1 /* Frameworks */,
				DC6C5D7323DA00D8000AFBF1 /* Resources */,
			);
			buildRules = (
			);
			dependencies = (
			);
			name = FlashCardsWithModel;
			productName = FlashCards;
			productReference = DC6C5D7523DA00D8000AFBF1 /* FlashCardsWithModel.app */;
			productType = "com.apple.product-type.application";
		};
/* End PBXNativeTarget section */

/* Begin PBXProject section */
		DC6C5D6D23DA00D8000AFBF1 /* Project object */ = {
			isa = PBXProject;
			attributes = {
				LastSwiftUpdateCheck = 1130;
				LastUpgradeCheck = 1130;
				ORGANIZATIONNAME = "Michael Bouvette";
				TargetAttributes = {
					DC6C5D7423DA00D8000AFBF1 = {
						CreatedOnToolsVersion = 11.3.1;
					};
				};
			};
			buildConfigurationList = DC6C5D7023DA00D8000AFBF1 /* Build configuration list for PBXProject "FlashCardsWithModel" */;
			compatibilityVersion = "Xcode 9.3";
			developmentRegion = en;
			hasScannedForEncodings = 0;
			knownRegions = (
				en,
				Base,
			);
			mainGroup = DC6C5D6C23DA00D8000AFBF1;
			productRefGroup = DC6C5D7623DA00D8000AFBF1 /* Products */;
			projectDirPath = "";
			projectRoot = "";
			targets = (
				DC6C5D7423DA00D8000AFBF1 /* FlashCardsWithModel */,
			);
		};
/* End PBXProject section */

/* Begin PBXResourcesBuildPhase section */
		DC6C5D7323DA00D8000AFBF1 /* Resources */ = {
			isa = PBXResourcesBuildPhase;
			buildActionMask = 2147483647;
			files = (
				DC6C5D8523DA00D9000AFBF1 /* LaunchScreen.storyboard in Resources */,
				DC6C5D8223DA00D9000AFBF1 /* Assets.xcassets in Resources */,
				DC6C5D8023DA00D8000AFBF1 /* Main.storyboard in Resources */,
			);
			runOnlyForDeploymentPostprocessing = 0;
		};
/* End PBXResourcesBuildPhase section */

/* Begin PBXSourcesBuildPhase section */
		DC6C5D7123DA00D8000AFBF1 /* Sources */ = {
			isa = PBXSourcesBuildPhase;
			buildActionMask = 2147483647;
			files = (
				DCDC7A4C23E3ABF500AD61C4 /* FlashCardModel.swift in Sources */,
				DC6C5D7D23DA00D8000AFBF1 /* ViewController.swift in Sources */,
				DC6C5D7923DA00D8000AFBF1 /* AppDelegate.swift in Sources */,
				DC6C5D7B23DA00D8000AFBF1 /* SceneDelegate.swift in Sources */,
			);
			runOnlyForDeploymentPostprocessing = 0;
		};
/* End PBXSourcesBuildPhase section */

/* Begin PBXVariantGroup section */
		DC6C5D7E23DA00D8000AFBF1 /* Main.storyboard */ = {
			isa = PBXVariantGroup;
			children = (
				DC6C5D7F23DA00D8000AFBF1 /* Base */,
			);
			name = Main.storyboard;
			sourceTree = "<group>";
		};
		DC6C5D8323DA00D9000AFBF1 /* LaunchScreen.storyboard */ = {
			isa = PBXVariantGroup;
			children = (
				DC6C5D8423DA00D9000AFBF1 /* Base */,
			);
			name = LaunchScreen.storyboard;
			sourceTree = "<group>";
		};
/* End PBXVariantGroup section */

/* Begin XCBuildConfiguration section */
		DC6C5D8723DA00D9000AFBF1 /* Debug */ = {
			isa = XCBuildConfiguration;
			buildSettings = {
				ALWAYS_SEARCH_USER_PATHS = NO;
				CLANG_ANALYZER_NONNULL = YES;
				CLANG_ANALYZER_NUMBER_OBJECT_CONVERSION = YES_AGGRESSIVE;
				CLANG_CXX_LANGUAGE_STANDARD = "gnu++14";
				CLANG_CXX_LIBRARY = "libc++";
				CLANG_ENABLE_MODULES = YES;
				CLANG_ENABLE_OBJC_ARC = YES;
				CLANG_ENABLE_OBJC_WEAK = YES;
				CLANG_WARN_BLOCK_CAPTURE_AUTORELEASING = YES;
				CLANG_WARN_BOOL_CONVERSION = YES;
				CLANG_WARN_COMMA = YES;
				CLANG_WARN_CONSTANT_CONVERSION = YES;
				CLANG_WARN_DEPRECATED_OBJC_IMPLEMENTATIONS = YES;
				CLANG_WARN_DIRECT_OBJC_ISA_USAGE = YES_ERROR;
				CLANG_WARN_DOCUMENTATION_COMMENTS = YES;
				CLANG_WARN_EMPTY_BODY = YES;
				CLANG_WARN_ENUM_CONVERSION = YES;
				CLANG_WARN_INFINITE_RECURSION = YES;
				CLANG_WARN_INT_CONVERSION = YES;
				CLANG_WARN_NON_LITERAL_NULL_CONVERSION = YES;
				CLANG_WARN_OBJC_IMPLICIT_RETAIN_SELF = YES;
				CLANG_WARN_OBJC_LITERAL_CONVERSION = YES;
				CLANG_WARN_OBJC_ROOT_CLASS = YES_ERROR;
				CLANG_WARN_RANGE_LOOP_ANALYSIS = YES;
				CLANG_WARN_STRICT_PROTOTYPES = YES;
				CLANG_WARN_SUSPICIOUS_MOVE = YES;
				CLANG_WARN_UNGUARDED_AVAILABILITY = YES_AGGRESSIVE;
				CLANG_WARN_UNREACHABLE_CODE = YES;
				CLANG_WARN__DUPLICATE_METHOD_MATCH = YES;
				COPY_PHASE_STRIP = NO;
				DEBUG_INFORMATION_FORMAT = dwarf;
				ENABLE_STRICT_OBJC_MSGSEND = YES;
				ENABLE_TESTABILITY = YES;
				GCC_C_LANGUAGE_STANDARD = gnu11;
				GCC_DYNAMIC_NO_PIC = NO;
				GCC_NO_COMMON_BLOCKS = YES;
				GCC_OPTIMIZATION_LEVEL = 0;
				GCC_PREPROCESSOR_DEFINITIONS = (
					"DEBUG=1",
					"$(inherited)",
				);
				GCC_WARN_64_TO_32_BIT_CONVERSION = YES;
				GCC_WARN_ABOUT_RETURN_TYPE = YES_ERROR;
				GCC_WARN_UNDECLARED_SELECTOR = YES;
				GCC_WARN_UNINITIALIZED_AUTOS = YES_AGGRESSIVE;
				GCC_WARN_UNUSED_FUNCTION = YES;
				GCC_WARN_UNUSED_VARIABLE = YES;
				IPHONEOS_DEPLOYMENT_TARGET = 13.2;
				MTL_ENABLE_DEBUG_INFO = INCLUDE_SOURCE;
				MTL_FAST_MATH = YES;
				ONLY_ACTIVE_ARCH = YES;
				SDKROOT = iphoneos;
				SWIFT_ACTIVE_COMPILATION_CONDITIONS = DEBUG;
				SWIFT_OPTIMIZATION_LEVEL = "-Onone";
			};
			name = Debug;
		};
		DC6C5D8823DA00D9000AFBF1 /* Release */ = {
			isa = XCBuildConfiguration;
			buildSettings = {
				ALWAYS_SEARCH_USER_PATHS = NO;
				CLANG_ANALYZER_NONNULL = YES;
				CLANG_ANALYZER_NUMBER_OBJECT_CONVERSION = YES_AGGRESSIVE;
				CLANG_CXX_LANGUAGE_STANDARD = "gnu++14";
				CLANG_CXX_LIBRARY = "libc++";
				CLANG_ENABLE_MODULES = YES;
				CLANG_ENABLE_OBJC_ARC = YES;
				CLANG_ENABLE_OBJC_WEAK = YES;
				CLANG_WARN_BLOCK_CAPTURE_AUTORELEASING = YES;
				CLANG_WARN_BOOL_CONVERSION = YES;
				CLANG_WARN_COMMA = YES;
				CLANG_WARN_CONSTANT_CONVERSION = YES;
				CLANG_WARN_DEPRECATED_OBJC_IMPLEMENTATIONS = YES;
				CLANG_WARN_DIRECT_OBJC_ISA_USAGE = YES_ERROR;
				CLANG_WARN_DOCUMENTATION_COMMENTS = YES;
				CLANG_WARN_EMPTY_BODY = YES;
				CLANG_WARN_ENUM_CONVERSION = YES;
				CLANG_WARN_INFINITE_RECURSION = YES;
				CLANG_WARN_INT_CONVERSION = YES;
				CLANG_WARN_NON_LITERAL_NULL_CONVERSION = YES;
				CLANG_WARN_OBJC_IMPLICIT_RETAIN_SELF = YES;
				CLANG_WARN_OBJC_LITERAL_CONVERSION = YES;
				CLANG_WARN_OBJC_ROOT_CLASS = YES_ERROR;
				CLANG_WARN_RANGE_LOOP_ANALYSIS = YES;
				CLANG_WARN_STRICT_PROTOTYPES = YES;
				CLANG_WARN_SUSPICIOUS_MOVE = YES;
				CLANG_WARN_UNGUARDED_AVAILABILITY = YES_AGGRESSIVE;
				CLANG_WARN_UNREACHABLE_CODE = YES;
				CLANG_WARN__DUPLICATE_METHOD_MATCH = YES;
				COPY_PHASE_STRIP = NO;
				DEBUG_INFORMATION_FORMAT = "dwarf-with-dsym";
				ENABLE_NS_ASSERTIONS = NO;
				ENABLE_STRICT_OBJC_MSGSEND = YES;
				GCC_C_LANGUAGE_STANDARD = gnu11;
				GCC_NO_COMMON_BLOCKS = YES;
				GCC_WARN_64_TO_32_BIT_CONVERSION = YES;
				GCC_WARN_ABOUT_RETURN_TYPE = YES_ERROR;
				GCC_WARN_UNDECLARED_SELECTOR = YES;
				GCC_WARN_UNINITIALIZED_AUTOS = YES_AGGRESSIVE;
				GCC_WARN_UNUSED_FUNCTION = YES;
				GCC_WARN_UNUSED_VARIABLE = YES;
				IPHONEOS_DEPLOYMENT_TARGET = 13.2;
				MTL_ENABLE_DEBUG_INFO = NO;
				MTL_FAST_MATH = YES;
				SDKROOT = iphoneos;
				SWIFT_COMPILATION_MODE = wholemodule;
				SWIFT_OPTIMIZATION_LEVEL = "-O";
				VALIDATE_PRODUCT = YES;
			};
			name = Release;
		};
		DC6C5D8A23DA00D9000AFBF1 /* Debug */ = {
			isa = XCBuildConfiguration;
			buildSettings = {
				ASSETCATALOG_COMPILER_APPICON_NAME = AppIcon;
				CODE_SIGN_STYLE = Automatic;
				INFOPLIST_FILE = FlashCards/Info.plist;
				LD_RUNPATH_SEARCH_PATHS = (
					"$(inherited)",
					"@executable_path/Frameworks",
				);
				PRODUCT_BUNDLE_IDENTIFIER = "edu.indiana.cs.c323-mjbouvet.FlashCards";
				PRODUCT_NAME = "$(TARGET_NAME)";
				SWIFT_VERSION = 5.0;
				TARGETED_DEVICE_FAMILY = "1,2";
			};
			name = Debug;
		};
		DC6C5D8B23DA00D9000AFBF1 /* Release */ = {
			isa = XCBuildConfiguration;
			buildSettings = {
				ASSETCATALOG_COMPILER_APPICON_NAME = AppIcon;
				CODE_SIGN_STYLE = Automatic;
				INFOPLIST_FILE = FlashCards/Info.plist;
				LD_RUNPATH_SEARCH_PATHS = (
					"$(inherited)",
					"@executable_path/Frameworks",
				);
				PRODUCT_BUNDLE_IDENTIFIER = "edu.indiana.cs.c323-mjbouvet.FlashCards";
				PRODUCT_NAME = "$(TARGET_NAME)";
				SWIFT_VERSION = 5.0;
				TARGETED_DEVICE_FAMILY = "1,2";
			};
			name = Release;
		};
/* End XCBuildConfiguration section */

/* Begin XCConfigurationList section */
		DC6C5D7023DA00D8000AFBF1 /* Build configuration list for PBXProject "FlashCardsWithModel" */ = {
			isa = XCConfigurationList;
			buildConfigurations = (
				DC6C5D8723DA00D9000AFBF1 /* Debug */,
				DC6C5D8823DA00D9000AFBF1 /* Release */,
			);
			defaultConfigurationIsVisible = 0;
			defaultConfigurationName = Release;
		};
		DC6C5D8923DA00D9000AFBF1 /* Build configuration list for PBXNativeTarget "FlashCardsWithModel" */ = {
			isa = XCConfigurationList;
			buildConfigurations = (
				DC6C5D8A23DA00D9000AFBF1 /* Debug */,
				DC6C5D8B23DA00D9000AFBF1 /* Release */,
			);
			defaultConfigurationIsVisible = 0;
			defaultConfigurationName = Release;
		};
/* End XCConfigurationList section */
	};
	rootObject = DC6C5D6D23DA00D8000AFBF1 /* Project object */;
}
